
Microsoft Visual Studio Solution File, Format Version 12.00
# Visual Studio Version 16
VisualStudioVersion = 16.0.32228.343
MinimumVisualStudioVersion = 10.0.40219.1
Project("{FAE04EC0-301F-11D3-BF4B-00C04F79EFBC}") = "Projeto", "Projeto\Projeto.csproj", "{74BF09A0-CCE6-40E4-BFE7-44BD332FB745}"
EndProject
Global
	GlobalSection(SolutionConfigurationPlatforms) = preSolution
		Debug|Any CPU = Debug|Any CPU
		Release|Any CPU = Release|Any CPU
	EndGlobalSection
	GlobalSection(ProjectConfigurationPlatforms) = postSolution
		{74BF09A0-CCE6-40E4-BFE7-44BD332FB745}.Debug|Any CPU.ActiveCfg = Debug|Any CPU
		{74BF09A0-CCE6-40E4-BFE7-44BD332FB745}.Debug|Any CPU.Build.0 = Debug|Any CPU
		{74BF09A0-CCE6-40E4-BFE7-44BD332FB745}.Release|Any CPU.ActiveCfg = Release|Any CPU
		{74BF09A0-CCE6-40E4-BFE7-44BD332FB745}.Release|Any CPU.Build.0 = Release|Any CPU
	EndGlobalSection
	GlobalSection(SolutionProperties) = preSolution
		HideSolutionNode = FALSE
	EndGlobalSection
	GlobalSection(ExtensibilityGlobals) = postSolution
		SolutionGuid = {B9153740-F8BC-48C7-A8EE-4BBB06ACC148}
	EndGlobalSection
EndGlobal
